{
  "name": "at-messages-parser",
  "version": "1.3.0",
  "lockfileVersion": 1,
  "requires": true,
  "dependencies": {
    "@types/colors": {
      "version": "1.2.1",
      "resolved": "https://registry.npmjs.org/@types/colors/-/colors-1.2.1.tgz",
      "integrity": "sha512-7jNkpfN2lVO07nJ1RWzyMnNhH/I5N9iWuMPx9pedptxJ4MODf8rRV0lbJi6RakQ4sKQk231Fw4e2W9n3D7gZ3w==",
      "dev": true,
      "requires": {
        "colors": "*"
      }
    },
    "@types/node": {
      "version": "4.9.3",
      "resolved": "https://registry.npmjs.org/@types/node/-/node-4.9.3.tgz",
      "integrity": "sha512-Q9eESThBvAbfEzznF1qTAKUoPbJEbK3lTSO0S3mICvmG/vUSZ+HnCtidpuB58Po7CJt5A2goKsDiYScN8d1V4A==",
      "dev": true
    },
    "colors": {
      "version": "1.3.3",
      "resolved": "https://registry.npmjs.org/colors/-/colors-1.3.3.tgz",
      "integrity": "sha512-mmGt/1pZqYRjMxB1axhTo16/snVZ5krrKkcmMeVKxzECMMXoCgnvTPp10QgHfcbQZw8Dq2jMNG6je4JlWU0gWg==",
      "dev": true
    },
    "jacob": {
      "version": "github:Canna71/Jacob#f29bff669676e126aedc423dab310ebebd2064a8",
      "from": "github:Canna71/Jacob",
      "dev": true,
      "requires": {
        "junq": "^1.0.1",
        "minimist": "^1.1.0"
      }
    },
    "junq": {
      "version": "1.0.2",
      "resolved": "https://registry.npmjs.org/junq/-/junq-1.0.2.tgz",
      "integrity": "sha1-ERz79dfkjz/C6G6+RsQDGaoSTeM=",
      "dev": true
    },
    "minimal-polyfills": {
      "version": "github:garronej/minimal-polyfills#1569512bddc20fde21275a7a367cee6619ef5c3d",
      "from": "github:garronej/minimal-polyfills"
    },
    "minimist": {
      "version": "1.2.0",
      "resolved": "https://registry.npmjs.org/minimist/-/minimist-1.2.0.tgz",
      "integrity": "sha1-o1AIsg9BOD7sH7kU9M1d95omQoQ=",
      "dev": true
    },
    "run-exclusive": {
      "version": "github:garronej/run-exclusive#8a6a6eb5bc247928072688b9d4953552f07025f5",
      "from": "github:garronej/run-exclusive",
      "requires": {
        "minimal-polyfills": "github:garronej/minimal-polyfills#1569512bddc20fde21275a7a367cee6619ef5c3d"
      }
    },
    "setprototypeof": {
      "version": "1.2.0",
      "resolved": "https://registry.npmjs.org/setprototypeof/-/setprototypeof-1.2.0.tgz",
      "integrity": "sha512-E5LDX7Wrp85Kil5bhZv46j8jOeboKq5JMmYM3gVGdGH8xFpPWXUMsNrlODCrkoxMEeNi/XZIwuRvY4XNwYMJpw=="
    },
    "trackable-map": {
      "version": "github:garronej/trackable-map#403cb8b0dc51082176bfe0ce508313ad9653fc32",
      "from": "github:garronej/trackable-map",
      "requires": {
        "ts-events-extended": "github:garronej/ts-events-extended#19fd961fec9fd23302423ba989a51db0e4ea18b9"
      }
    },
    "ts-events-extended": {
      "version": "github:garronej/ts-events-extended#19fd961fec9fd23302423ba989a51db0e4ea18b9",
      "from": "github:garronej/ts-events-extended",
      "requires": {
        "minimal-polyfills": "github:garronej/minimal-polyfills#1569512bddc20fde21275a7a367cee6619ef5c3d",
        "run-exclusive": "github:garronej/run-exclusive#8a6a6eb5bc247928072688b9d4953552f07025f5",
        "setprototypeof": "^1.1.1"
      }
    },
    "typescript": {
      "version": "2.9.1",
      "resolved": "https://registry.npmjs.org/typescript/-/typescript-2.9.1.tgz",
      "integrity": "sha512-h6pM2f/GDchCFlldnriOhs1QHuwbnmj6/v7499eMHqPeW4V2G0elua2eIc2nu8v2NdHV0Gm+tzX83Hr6nUFjQA==",
      "dev": true
    }
  }
}
