{
  "name": "at-messages-parser",
  "version": "1.3.2",
  "lockfileVersion": 1,
  "requires": true,
  "dependencies": {
    "@types/node": {
      "version": "4.9.4",
      "resolved": "https://registry.npmjs.org/@types/node/-/node-4.9.4.tgz",
      "integrity": "sha512-nKoiCZ87x6+fs26bNHjy07AQt6f46nFEitGH0P9JmWbY6tEyum6LLfLf7SIsKFh4DnBWsyUM2gYhaQAt+aA0Sw==",
      "dev": true
    },
    "colors": {
      "version": "1.4.0",
      "resolved": "https://registry.npmjs.org/colors/-/colors-1.4.0.tgz",
      "integrity": "sha512-a+UqTh4kgZg/SlGvfbzDHpgRu7AAQOmmqRHJnxhRZICKFUT91brVhNNt58CMWU9PsBbv3PDCZUHbVxuDiH2mtA==",
      "dev": true
    },
    "evt": {
      "version": "1.0.16",
      "resolved": "https://registry.npmjs.org/evt/-/evt-1.0.16.tgz",
      "integrity": "sha512-jJt38fwmFAeq4WLWXoz21fa76n/w26poUV1Df4ik912UtH6o8VjBJwsIxXC9Dl00xQaBnQU95rwm9+f62qs7vg==",
      "requires": {
        "minimal-polyfills": "^1.0.3",
        "run-exclusive": "^2.1.4"
      }
    },
    "jacob": {
      "version": "github:Canna71/Jacob#f29bff669676e126aedc423dab310ebebd2064a8",
      "from": "github:Canna71/Jacob",
      "dev": true,
      "requires": {
        "junq": "^1.0.1",
        "minimist": "^1.1.0"
      }
    },
    "junq": {
      "version": "1.0.2",
      "resolved": "https://registry.npmjs.org/junq/-/junq-1.0.2.tgz",
      "integrity": "sha1-ERz79dfkjz/C6G6+RsQDGaoSTeM=",
      "dev": true
    },
    "minimal-polyfills": {
      "version": "1.0.4",
      "resolved": "https://registry.npmjs.org/minimal-polyfills/-/minimal-polyfills-1.0.4.tgz",
      "integrity": "sha512-Thj4M1y+sTzGcnLhJ9jfwLLLaXr+OPhUFL4nS6UN5KIygjRUAp6XVmzo3QyvusioW2h07E6Xd+ry8cEyEohsqA=="
    },
    "minimist": {
      "version": "1.2.0",
      "resolved": "https://registry.npmjs.org/minimist/-/minimist-1.2.0.tgz",
      "integrity": "sha1-o1AIsg9BOD7sH7kU9M1d95omQoQ=",
      "dev": true
    },
    "run-exclusive": {
      "version": "2.1.6",
      "resolved": "https://registry.npmjs.org/run-exclusive/-/run-exclusive-2.1.6.tgz",
      "integrity": "sha512-BDA62+76Ly8wDs9dbEaghnyuHFMFrJbTF2pw4psLfxRLu+MYc3k6jNWzFru/jQ9FXCIbVP2JfcqqPku0U1Y3Tg==",
      "requires": {
        "minimal-polyfills": "^1.0.3"
      }
    },
    "setprototypeof": {
      "version": "1.2.0",
      "resolved": "https://registry.npmjs.org/setprototypeof/-/setprototypeof-1.2.0.tgz",
      "integrity": "sha512-E5LDX7Wrp85Kil5bhZv46j8jOeboKq5JMmYM3gVGdGH8xFpPWXUMsNrlODCrkoxMEeNi/XZIwuRvY4XNwYMJpw=="
    },
    "trackable-map": {
      "version": "github:garronej/trackable-map#407dd5e56557fdc8dcc085dbe61a854388753244",
      "from": "github:garronej/trackable-map",
      "requires": {
        "ts-evt": "^5.0.2"
      },
      "dependencies": {
        "ts-evt": {
          "version": "5.0.20",
          "resolved": "https://registry.npmjs.org/ts-evt/-/ts-evt-5.0.20.tgz",
          "integrity": "sha512-UGTZkuIOsrg2goLUOO7ONx1hrGJeo+zZNC56uOpRZUFdJSrkNIZ9giSgwIx1tCMT7NLb9PUN9/TXpK8HyU4UYA==",
          "requires": {
            "minimal-polyfills": "^1.0.3",
            "run-exclusive": "^2.1.4",
            "setprototypeof": "^1.1.1"
          }
        }
      }
    },
    "typescript": {
      "version": "3.4.5",
      "resolved": "https://registry.npmjs.org/typescript/-/typescript-3.4.5.tgz",
      "integrity": "sha512-YycBxUb49UUhdNMU5aJ7z5Ej2XGmaIBL0x34vZ82fn3hGvD+bgrMrVDpatgz2f7YxUMJxMkbWxJZeAvDxVe7Vw==",
      "dev": true
    }
  }
}
